// !$*UTF8*$!
{
	archiveVersion = 1;
	classes = {
	};
	objectVersion = 46;
	objects = {

/* Begin PBXBuildFile section */
		2FB640321F70582500745D67 /* AppDelegate.swift in Sources */ = {isa = PBXBuildFile; fileRef = 2FB640311F70582500745D67 /* AppDelegate.swift */; };
		2FB640341F70582500745D67 /* ViewController.swift in Sources */ = {isa = PBXBuildFile; fileRef = 2FB640331F70582500745D67 /* ViewController.swift */; };
		2FB640371F70582500745D67 /* Main.storyboard in Resources */ = {isa = PBXBuildFile; fileRef = 2FB640351F70582500745D67 /* Main.storyboard */; };
		2FB640391F70582500745D67 /* Assets.xcassets in Resources */ = {isa = PBXBuildFile; fileRef = 2FB640381F70582500745D67 /* Assets.xcassets */; };
		2FB6403C1F70582500745D67 /* LaunchScreen.storyboard in Resources */ = {isa = PBXBuildFile; fileRef = 2FB6403A1F70582500745D67 /* LaunchScreen.storyboard */; };
/* End PBXBuildFile section */

/* Begin PBXFileReference section */
		2FB6402E1F70582500745D67 /* HelloooooooWorld.app */ = {isa = PBXFileReference; explicitFileType = wrapper.application; includeInIndex = 0; path = HelloooooooWorld.app; sourceTree = BUILT_PRODUCTS_DIR; };
		2FB640311F70582500745D67 /* AppDelegate.swift */ = {isa = PBXFileReference; lastKnownFileType = sourcecode.swift; path = AppDelegate.swift; sourceTree = "<group>"; };
		2FB640331F70582500745D67 /* ViewController.swift */ = {isa = PBXFileReference; lastKnownFileType = sourcecode.swift; path = ViewController.swift; sourceTree = "<group>"; };
		2FB640361F70582500745D67 /* Base */ = {isa = PBXFileReference; lastKnownFileType = file.storyboard; name = Base; path = Base.lproj/Main.storyboard; sourceTree = "<group>"; };
		2FB640381F70582500745D67 /* Assets.xcassets */ = {isa = PBXFileReference; lastKnownFileType = folder.assetcatalog; path = Assets.xcassets; sourceTree = "<group>"; };
		2FB6403B1F70582500745D67 /* Base */ = {isa = PBXFileReference; lastKnownFileType = file.storyboard; name = Base; path = Base.lproj/LaunchScreen.storyboard; sourceTree = "<group>"; };
		2FB6403D1F70582500745D67 /* Info.plist */ = {isa = PBXFileReference; lastKnownFileType = text.plist.xml; path = Info.plist; sourceTree = "<group>"; };
/* End PBXFileReference section */

/* Begin PBXFrameworksBuildPhase section */
		2FB6402B1F70582500745D67 /* Frameworks */ = {
			isa = PBXFrameworksBuildPhase;
			buildActionMask = 2147483647;
			files = (
			);
			runOnlyForDeploymentPostprocessing = 0;
		};
/* End PBXFrameworksBuildPhase section */

/* Begin PBXGroup section */
		2FB640251F70582500745D67 = {
			isa = PBXGroup;
			children = (
				2FB640301F70582500745D67 /* HelloooooooWorld */,
				2FB6402F1F70582500745D67 /* Products */,
			);
			sourceTree = "<group>";
		};
		2FB6402F1F70582500745D67 /* Products */ = {
			isa = PBXGroup;
			children = (
				2FB6402E1F70582500745D67 /* HelloooooooWorld.app */,
			);
			name = Products;
			sourceTree = "<group>";
		};
		2FB640301F70582500745D67 /* HelloooooooWorld */ = {
			isa = PBXGroup;
			children = (
				2FB640311F70582500745D67 /* AppDelegate.swift */,
				2FB640331F70582500745D67 /* ViewController.swift */,
				2FB640351F70582500745D67 /* Main.storyboard */,
				2FB640381F70582500745D67 /* Assets.xcassets */,
				2FB6403A1F70582500745D67 /* LaunchScreen.storyboard */,
				2FB6403D1F70582500745D67 /* Info.plist */,
			);
			path = HelloooooooWorld;
			sourceTree = "<group>";
		};
/* End PBXGroup section */

/* Begin PBXNativeTarget section */
		2FB6402D1F70582500745D67 /* HelloooooooWorld */ = {
			isa = PBXNativeTarget;
			buildConfigurationList = 2FB640401F70582500745D67 /* Build configuration list for PBXNativeTarget "HelloooooooWorld" */;
			buildPhases = (
				2FB6402A1F70582500745D67 /* Sources */,
				2FB6402B1F70582500745D67 /* Frameworks */,
				2FB6402C1F70582500745D67 /* Resources */,
			);
			buildRules = (
			);
			dependencies = (
			);
			name = HelloooooooWorld;
			productName = HelloooooooWorld;
			productReference = 2FB6402E1F70582500745D67 /* HelloooooooWorld.app */;
			productType = "com.apple.product-type.application";
		};
/* End PBXNativeTarget section */

/* Begin PBXProject section */
		2FB640261F70582500745D67 /* Project object */ = {
			isa = PBXProject;
			attributes = {
				LastSwiftUpdateCheck = 0830;
				LastUpgradeCheck = 0830;
				ORGANIZATIONNAME = "Rob Horton";
				TargetAttributes = {
					2FB6402D1F70582500745D67 = {
						CreatedOnToolsVersion = 8.3.1;
						DevelopmentTeam = CC7WNLJP72;
						ProvisioningStyle = Automatic;
					};
				};
			};
			buildConfigurationList = 2FB640291F70582500745D67 /* Build configuration list for PBXProject "HelloooooooWorld" */;
			compatibilityVersion = "Xcode 3.2";
			developmentRegion = English;
			hasScannedForEncodings = 0;
			knownRegions = (
				en,
				Base,
			);
			mainGroup = 2FB640251F70582500745D67;
			productRefGroup = 2FB6402F1F70582500745D67 /* Products */;
			projectDirPath = "";
			projectRoot = "";
			targets = (
				2FB6402D1F70582500745D67 /* HelloooooooWorld */,
			);
		};
/* End PBXProject section */

/* Begin PBXResourcesBuildPhase section */
		2FB6402C1F70582500745D67 /* Resources */ = {
			isa = PBXResourcesBuildPhase;
			buildActionMask = 2147483647;
			files = (
				2FB6403C1F70582500745D67 /* LaunchScreen.storyboard in Resources */,
				2FB640391F70582500745D67 /* Assets.xcassets in Resources */,
				2FB640371F70582500745D67 /* Main.storyboard in Resources */,
			);
			runOnlyForDeploymentPostprocessing = 0;
		};
/* End PBXResourcesBuildPhase section */

/* Begin PBXSourcesBuildPhase section */
		2FB6402A1F70582500745D67 /* Sources */ = {
			isa = PBXSourcesBuildPhase;
			buildActionMask = 2147483647;
			files = (
				2FB640341F70582500745D67 /* ViewController.swift in Sources */,
				2FB640321F70582500745D67 /* AppDelegate.swift in Sources */,
			);
			runOnlyForDeploymentPostprocessing = 0;
		};
/* End PBXSourcesBuildPhase section */

/* Begin PBXVariantGroup section */
		2FB640351F70582500745D67 /* Main.storyboard */ = {
			isa = PBXVariantGroup;
			children = (
				2FB640361F70582500745D67 /* Base */,
			);
			name = Main.storyboard;
			sourceTree = "<group>";
		};
		2FB6403A1F70582500745D67 /* LaunchScreen.storyboard */ = {
			isa = PBXVariantGroup;
			children = (
				2FB6403B1F70582500745D67 /* Base */,
			);
			name = LaunchScreen.storyboard;
			sourceTree = "<group>";
		};
/* End PBXVariantGroup section */

/* Begin XCBuildConfiguration section */
		2FB6403E1F70582500745D67 /* Debug */ = {
			isa = XCBuildConfiguration;
			buildSettings = {
				ALWAYS_SEARCH_USER_PATHS = NO;
				CLANG_ANALYZER_NONNULL = YES;
				CLANG_ANALYZER_NUMBER_OBJECT_CONVERSION = YES_AGGRESSIVE;
				CLANG_CXX_LANGUAGE_STANDARD = "gnu++0x";
				CLANG_CXX_LIBRARY = "libc++";
				CLANG_ENABLE_MODULES = YES;
				CLANG_ENABLE_OBJC_ARC = YES;
				CLANG_WARN_BOOL_CONVERSION = YES;
				CLANG_WARN_CONSTANT_CONVERSION = YES;
				CLANG_WARN_DIRECT_OBJC_ISA_USAGE = YES_ERROR;
				CLANG_WARN_DOCUMENTATION_COMMENTS = YES;
				CLANG_WARN_EMPTY_BODY = YES;
				CLANG_WARN_ENUM_CONVERSION = YES;
				CLANG_WARN_INFINITE_RECURSION = YES;
				CLANG_WARN_INT_CONVERSION = YES;
				CLANG_WARN_OBJC_ROOT_CLASS = YES_ERROR;
				CLANG_WARN_SUSPICIOUS_MOVE = YES;
				CLANG_WARN_UNREACHABLE_CODE = YES;
				CLANG_WARN__DUPLICATE_METHOD_MATCH = YES;
				"CODE_SIGN_IDENTITY[sdk=iphoneos*]" = "iPhone Developer";
				COPY_PHASE_STRIP = NO;
				DEBUG_INFORMATION_FORMAT = dwarf;
				ENABLE_STRICT_OBJC_MSGSEND = YES;
				ENABLE_TESTABILITY = YES;
				GCC_C_LANGUAGE_STANDARD = gnu99;
				GCC_DYNAMIC_NO_PIC = NO;
				GCC_NO_COMMON_BLOCKS = YES;
				GCC_OPTIMIZATION_LEVEL = 0;
				GCC_PREPROCESSOR_DEFINITIONS = (
					"DEBUG=1",
					"$(inherited)",
				);
				GCC_WARN_64_TO_32_BIT_CONVERSION = YES;
				GCC_WARN_ABOUT_RETURN_TYPE = YES_ERROR;
				GCC_WARN_UNDECLARED_SELECTOR = YES;
				GCC_WARN_UNINITIALIZED_AUTOS = YES_AGGRESSIVE;
				GCC_WARN_UNUSED_FUNCTION = YES;
				GCC_WARN_UNUSED_VARIABLE = YES;
				IPHONEOS_DEPLOYMENT_TARGET = 10.3;
				MTL_ENABLE_DEBUG_INFO = YES;
				ONLY_ACTIVE_ARCH = YES;
				SDKROOT = iphoneos;
				SWIFT_ACTIVE_COMPILATION_CONDITIONS = DEBUG;
				SWIFT_OPTIMIZATION_LEVEL = "-Onone";
				TARGETED_DEVICE_FAMILY = "1,2";
			};
			name = Debug;
		};
		2FB6403F1F70582500745D67 /* Release */ = {
			isa = XCBuildConfiguration;
			buildSettings = {
				ALWAYS_SEARCH_USER_PATHS = NO;
				CLANG_ANALYZER_NONNULL = YES;
				CLANG_ANALYZER_NUMBER_OBJECT_CONVERSION = YES_AGGRESSIVE;
				CLANG_CXX_LANGUAGE_STANDARD = "gnu++0x";
				CLANG_CXX_LIBRARY = "libc++";
				CLANG_ENABLE_MODULES = YES;
				CLANG_ENABLE_OBJC_ARC = YES;
				CLANG_WARN_BOOL_CONVERSION = YES;
				CLANG_WARN_CONSTANT_CONVERSION = YES;
				CLANG_WARN_DIRECT_OBJC_ISA_USAGE = YES_ERROR;
				CLANG_WARN_DOCUMENTATION_COMMENTS = YES;
				CLANG_WARN_EMPTY_BODY = YES;
				CLANG_WARN_ENUM_CONVERSION = YES;
				CLANG_WARN_INFINITE_RECURSION = YES;
				CLANG_WARN_INT_CONVERSION = YES;
				CLANG_WARN_OBJC_ROOT_CLASS = YES_ERROR;
				CLANG_WARN_SUSPICIOUS_MOVE = YES;
				CLANG_WARN_UNREACHABLE_CODE = YES;
				CLANG_WARN__DUPLICATE_METHOD_MATCH = YES;
				"CODE_SIGN_IDENTITY[sdk=iphoneos*]" = "iPhone Developer";
				COPY_PHASE_STRIP = NO;
				DEBUG_INFORMATION_FORMAT = "dwarf-with-dsym";
				ENABLE_NS_ASSERTIONS = NO;
				ENABLE_STRICT_OBJC_MSGSEND = YES;
				GCC_C_LANGUAGE_STANDARD = gnu99;
				GCC_NO_COMMON_BLOCKS = YES;
				GCC_WARN_64_TO_32_BIT_CONVERSION = YES;
				GCC_WARN_ABOUT_RETURN_TYPE = YES_ERROR;
				GCC_WARN_UNDECLARED_SELECTOR = YES;
				GCC_WARN_UNINITIALIZED_AUTOS = YES_AGGRESSIVE;
				GCC_WARN_UNUSED_FUNCTION = YES;
				GCC_WARN_UNUSED_VARIABLE = YES;
				IPHONEOS_DEPLOYMENT_TARGET = 10.3;
				MTL_ENABLE_DEBUG_INFO = NO;
				SDKROOT = iphoneos;
				SWIFT_OPTIMIZATION_LEVEL = "-Owholemodule";
				TARGETED_DEVICE_FAMILY = "1,2";
				VALIDATE_PRODUCT = YES;
			};
			name = Release;
		};
		2FB640411F70582500745D67 /* Debug */ = {
			isa = XCBuildConfiguration;
			buildSettings = {
				ASSETCATALOG_COMPILER_APPICON_NAME = AppIcon;
				DEVELOPMENT_TEAM = CC7WNLJP72;
				INFOPLIST_FILE = HelloooooooWorld/Info.plist;
				LD_RUNPATH_SEARCH_PATHS = "$(inherited) @executable_path/Frameworks";
				PRODUCT_BUNDLE_IDENTIFIER = code12studios.HelloooooooWorld;
				PRODUCT_NAME = "$(TARGET_NAME)";
				SWIFT_VERSION = 3.0;
			};
			name = Debug;
		};
		2FB640421F70582500745D67 /* Release */ = {
			isa = XCBuildConfiguration;
			buildSettings = {
				ASSETCATALOG_COMPILER_APPICON_NAME = AppIcon;
				DEVELOPMENT_TEAM = CC7WNLJP72;
				INFOPLIST_FILE = HelloooooooWorld/Info.plist;
				LD_RUNPATH_SEARCH_PATHS = "$(inherited) @executable_path/Frameworks";
				PRODUCT_BUNDLE_IDENTIFIER = code12studios.HelloooooooWorld;
				PRODUCT_NAME = "$(TARGET_NAME)";
				SWIFT_VERSION = 3.0;
			};
			name = Release;
		};
/* End XCBuildConfiguration section */

/* Begin XCConfigurationList section */
		2FB640291F70582500745D67 /* Build configuration list for PBXProject "HelloooooooWorld" */ = {
			isa = XCConfigurationList;
			buildConfigurations = (
				2FB6403E1F70582500745D67 /* Debug */,
				2FB6403F1F70582500745D67 /* Release */,
			);
			defaultConfigurationIsVisible = 0;
			defaultConfigurationName = Release;
		};
		2FB640401F70582500745D67 /* Build configuration list for PBXNativeTarget "HelloooooooWorld" */ = {
			isa = XCConfigurationList;
			buildConfigurations = (
				2FB640411F70582500745D67 /* Debug */,
				2FB640421F70582500745D67 /* Release */,
			);
			defaultConfigurationIsVisible = 0;
		};
/* End XCConfigurationList section */
	};
	rootObject = 2FB640261F70582500745D67 /* Project object */;
}
